
Microsoft Visual Studio Solution File, Format Version 12.00
# Visual Studio 15
VisualStudioVersion = 15.0.28307.1022
MinimumVisualStudioVersion = 10.0.40219.1
Project("{FAE04EC0-301F-11D3-BF4B-00C04F79EFBC}") = "CRUD_MVC", "CRUD_MVC\CRUD_MVC.csproj", "{2AAD0ED1-12EF-47FA-8729-893F1813F7F8}"
EndProject
Global
	GlobalSection(SolutionConfigurationPlatforms) = preSolution
		Debug|Any CPU = Debug|Any CPU
		Release|Any CPU = Release|Any CPU
	EndGlobalSection
	GlobalSection(ProjectConfigurationPlatforms) = postSolution
		{2AAD0ED1-12EF-47FA-8729-893F1813F7F8}.Debug|Any CPU.ActiveCfg = Debug|Any CPU
		{2AAD0ED1-12EF-47FA-8729-893F1813F7F8}.Debug|Any CPU.Build.0 = Debug|Any CPU
		{2AAD0ED1-12EF-47FA-8729-893F1813F7F8}.Release|Any CPU.ActiveCfg = Release|Any CPU
		{2AAD0ED1-12EF-47FA-8729-893F1813F7F8}.Release|Any CPU.Build.0 = Release|Any CPU
	EndGlobalSection
	GlobalSection(SolutionProperties) = preSolution
		HideSolutionNode = FALSE
	EndGlobalSection
	GlobalSection(ExtensibilityGlobals) = postSolution
		SolutionGuid = {C9AA0FA4-F267-4591-BCF2-75F45D042C60}
	EndGlobalSection
EndGlobal
